# This file is automatically @generated by Cargo.
# It is not intended for manual editing.
version = 4

[[package]]
name = "adler2"
version = "2.0.1"
source = "registry+https://github.com/rust-lang/crates.io-index"
checksum = "320119579fcad9c21884f5c4861d16174d0e06250625266f50fe6898340abefa"

[[package]]
name = "allocator-api2"
version = "0.2.21"
source = "registry+https://github.com/rust-lang/crates.io-index"
checksum = "683d7910e743518b0e34f1186f92494becacb047c7b6bf616c96772180fef923"

[[package]]
name = "alsa"
version = "0.9.1"
source = "registry+https://github.com/rust-lang/crates.io-index"
checksum = "ed7572b7ba83a31e20d1b48970ee402d2e3e0537dcfe0a3ff4d6eb7508617d43"
dependencies = [
 "alsa-sys",
 "bitflags 2.9.4",
 "cfg-if",
 "libc",
]

[[package]]
name = "alsa-sys"
version = "0.3.1"
source = "registry+https://github.com/rust-lang/crates.io-index"
checksum = "db8fee663d06c4e303404ef5f40488a53e062f89ba8bfed81f42325aafad1527"
dependencies = [
 "libc",
 "pkg-config",
]

[[package]]
name = "ascii"
version = "1.1.0"
source = "registry+https://github.com/rust-lang/crates.io-index"
checksum = "d92bec98840b8f03a5ff5413de5293bfcd8bf96467cf5452609f939ec6f5de16"

[[package]]
name = "autocfg"
version = "1.5.0"
source = "registry+https://github.com/rust-lang/crates.io-index"
checksum = "c08606f8c3cbf4ce6ec8e28fb0014a2c086708fe954eaa885384a6165172e7e8"

[[package]]
name = "base64"
version = "0.22.1"
source = "registry+https://github.com/rust-lang/crates.io-index"
checksum = "72b3254f16251a8381aa12e40e3c4d2f0199f8c6508fbecb9d91f575e0fbb8c6"

[[package]]
name = "bitflags"
version = "1.3.2"
source = "registry+https://github.com/rust-lang/crates.io-index"
checksum = "bef38d45163c2f1dde094a7dfd33ccf595c92905c8f8f4fdc18d06fb1037718a"

[[package]]
name = "bitflags"
version = "2.9.4"
source = "registry+https://github.com/rust-lang/crates.io-index"
checksum = "2261d10cca569e4643e526d8dc2e62e433cc8aba21ab764233731f8d369bf394"

[[package]]
name = "bumpalo"
version = "3.19.0"
source = "registry+https://github.com/rust-lang/crates.io-index"
checksum = "46c5e41b57b8bba42a04676d81cb89e9ee8e859a1a66f80a5a72e1cb76b34d43"

[[package]]
name = "byteorder"
version = "1.5.0"
source = "registry+https://github.com/rust-lang/crates.io-index"
checksum = "1fd0f2584146f6f2ef48085050886acf353beff7305ebd1ae69500e27c67f64b"

[[package]]
name = "bytes"
version = "1.10.1"
source = "registry+https://github.com/rust-lang/crates.io-index"
checksum = "d71b6127be86fdcfddb610f7182ac57211d4b18a3e9c82eb2d17662f2227ad6a"

[[package]]
name = "cc"
version = "1.2.39"
source = "registry+https://github.com/rust-lang/crates.io-index"
checksum = "e1354349954c6fc9cb0deab020f27f783cf0b604e8bb754dc4658ecf0d29c35f"
dependencies = [
 "find-msvc-tools",
 "shlex",
]

[[package]]
name = "cesu8"
version = "1.1.0"
source = "registry+https://github.com/rust-lang/crates.io-index"
checksum = "6d43a04d8753f35258c91f8ec639f792891f748a1edbd759cf1dcea3382ad83c"

[[package]]
name = "cfg-if"
version = "1.0.3"
source = "registry+https://github.com/rust-lang/crates.io-index"
checksum = "2fd1289c04a9ea8cb22300a459a72a385d7c73d3259e2ed7dcb2af674838cfa9"

[[package]]
name = "cfg_aliases"
version = "0.2.1"
source = "registry+https://github.com/rust-lang/crates.io-index"
checksum = "613afe47fcd5fac7ccf1db93babcb082c5994d996f20b8b159f2ad1658eb5724"

[[package]]
name = "chunked_transfer"
version = "1.5.0"
source = "registry+https://github.com/rust-lang/crates.io-index"
checksum = "6e4de3bc4ea267985becf712dc6d9eed8b04c953b3fcfb339ebc87acd9804901"

[[package]]
name = "cmake"
version = "0.1.54"
source = "registry+https://github.com/rust-lang/crates.io-index"
checksum = "e7caa3f9de89ddbe2c607f4101924c5abec803763ae9534e4f4d7d8f84aa81f0"
dependencies = [
 "cc",
]

[[package]]
name = "cmk"
version = "0.1.2"
source = "registry+https://github.com/rust-lang/crates.io-index"
checksum = "8fd5de2a10e31b3ec3e8d75e7ccf8281ab3ee55de68f7ab6ffa9e21be8d82f22"

[[package]]
name = "combine"
version = "4.6.7"
source = "registry+https://github.com/rust-lang/crates.io-index"
checksum = "ba5a308b75df32fe02788e748662718f03fde005016435c444eea572398219fd"
dependencies = [
 "bytes",
 "memchr",
]

[[package]]
name = "coreaudio-rs"
version = "0.13.0"
source = "registry+https://github.com/rust-lang/crates.io-index"
checksum = "1aae284fbaf7d27aa0e292f7677dfbe26503b0d555026f702940805a630eac17"
dependencies = [
 "bitflags 1.3.2",
 "libc",
 "objc2-audio-toolbox",
 "objc2-core-audio",
 "objc2-core-audio-types",
 "objc2-core-foundation",
]

[[package]]
name = "cpal"
version = "0.16.0"
source = "registry+https://github.com/rust-lang/crates.io-index"
checksum = "cbd307f43cc2a697e2d1f8bc7a1d824b5269e052209e28883e5bc04d095aaa3f"
dependencies = [
 "alsa",
 "coreaudio-rs",
 "dasp_sample",
 "jni",
 "js-sys",
 "libc",
 "mach2",
 "ndk",
 "ndk-context",
 "num-derive",
 "num-traits",
 "objc2-audio-toolbox",
 "objc2-core-audio",
 "objc2-core-audio-types",
 "wasm-bindgen",
 "wasm-bindgen-futures",
 "web-sys",
 "windows 0.54.0",
]

[[package]]
name = "crc32fast"
version = "1.5.0"
source = "registry+https://github.com/rust-lang/crates.io-index"
checksum = "9481c1c90cbf2ac953f07c8d4a58aa3945c425b7185c9154d67a65e4230da511"
dependencies = [
 "cfg-if",
]

[[package]]
name = "crossbeam-channel"
version = "0.5.15"
source = "registry+https://github.com/rust-lang/crates.io-index"
checksum = "82b8f8f868b36967f9606790d1903570de9ceaf870a7bf9fbbd3016d636a2cb2"
dependencies = [
 "crossbeam-utils",
]

[[package]]
name = "crossbeam-utils"
version = "0.8.21"
source = "registry+https://github.com/rust-lang/crates.io-index"
checksum = "d0a5c400df2834b80a4c3327b3aad3a4c4cd4de0629063962b03235697506a28"

[[package]]
name = "ctrlc"
version = "3.5.0"
source = "registry+https://github.com/rust-lang/crates.io-index"
checksum = "881c5d0a13b2f1498e2306e82cbada78390e152d4b1378fb28a84f4dcd0dc4f3"
dependencies = [
 "dispatch",
 "nix",
 "windows-sys 0.61.1",
]

[[package]]
name = "dasp_sample"
version = "0.11.0"
source = "registry+https://github.com/rust-lang/crates.io-index"
checksum = "0c87e182de0887fd5361989c677c4e8f5000cd9491d6d563161a8f3a5519fc7f"

[[package]]
name = "deranged"
version = "0.5.4"
source = "registry+https://github.com/rust-lang/crates.io-index"
checksum = "a41953f86f8a05768a6cda24def994fd2f424b04ec5c719cf89989779f199071"
dependencies = [
 "powerfmt",
]

[[package]]
name = "dirs"
version = "6.0.0"
source = "registry+https://github.com/rust-lang/crates.io-index"
checksum = "c3e8aa94d75141228480295a7d0e7feb620b1a5ad9f12bc40be62411e38cce4e"
dependencies = [
 "dirs-sys",
]

[[package]]
name = "dirs-sys"
version = "0.5.0"
source = "registry+https://github.com/rust-lang/crates.io-index"
checksum = "e01a3366d27ee9890022452ee61b2b63a67e6f13f58900b651ff5665f0bb1fab"
dependencies = [
 "libc",
 "option-ext",
 "redox_users",
 "windows-sys 0.61.1",
]

[[package]]
name = "dispatch"
version = "0.2.0"
source = "registry+https://github.com/rust-lang/crates.io-index"
checksum = "bd0c93bb4b0c6d9b77f4435b0ae98c24d17f1c45b2ff844c6151a07256ca923b"

[[package]]
name = "dispatch2"
version = "0.3.0"
source = "registry+https://github.com/rust-lang/crates.io-index"
checksum = "89a09f22a6c6069a18470eb92d2298acf25463f14256d24778e1230d789a2aec"
dependencies = [
 "bitflags 2.9.4",
 "objc2",
]

[[package]]
name = "displaydoc"
version = "0.2.5"
source = "registry+https://github.com/rust-lang/crates.io-index"
checksum = "97369cbbc041bc366949bc74d34658d6cda5621039731c6310521892a3a20ae0"
dependencies = [
 "proc-macro2",
 "quote",
 "syn 2.0.106",
]

[[package]]
name = "ecow"
version = "0.2.6"
source = "registry+https://github.com/rust-lang/crates.io-index"
checksum = "78e4f79b296fbaab6ce2e22d52cb4c7f010fe0ebe7a32e34fa25885fd797bd02"

[[package]]
name = "either"
version = "1.15.0"
source = "registry+https://github.com/rust-lang/crates.io-index"
checksum = "48c757948c5ede0e46177b7add2e67155f70e33c07fea8284df6576da70b3719"

[[package]]
name = "encoding_rs"
version = "0.8.35"
source = "registry+https://github.com/rust-lang/crates.io-index"
checksum = "75030f3c4f45dafd7586dd6780965a8c7e8e285a5ecb86713e63a79c5b2766f3"
dependencies = [
 "cfg-if",
]

[[package]]
name = "equivalent"
version = "1.0.2"
source = "registry+https://github.com/rust-lang/crates.io-index"
checksum = "877a4ace8713b0bcf2a4e7eec82529c029f1d0619886d18145fea96c3ffe5c0f"

[[package]]
name = "fastrand"
version = "2.3.0"
source = "registry+https://github.com/rust-lang/crates.io-index"
checksum = "37909eebbb50d72f9059c3b6d82c0463f2ff062c9e95845c43a6c9c0355411be"

[[package]]
name = "figura"
version = "1.3.2"
source = "git+https://github.com/dheijl/figura_value#b5d768f337ced4f7d4f8b7a9941ac0becde05222"
dependencies = [
 "smacro",
 "thiserror 2.0.16",
]

[[package]]
name = "find-msvc-tools"
version = "0.1.2"
source = "registry+https://github.com/rust-lang/crates.io-index"
checksum = "1ced73b1dacfc750a6db6c0a0c3a3853c8b41997e2e2c563dc90804ae6867959"

[[package]]
name = "flac-bound"
version = "0.5.0"
source = "registry+https://github.com/rust-lang/crates.io-index"
checksum = "1e907092e9fba0d718cad77433321f524836e90a2c4cc7ab67e8fb5244047ad2"
dependencies = [
 "libflac-sys",
]

[[package]]
name = "flate2"
version = "1.1.2"
source = "registry+https://github.com/rust-lang/crates.io-index"
checksum = "4a3d7db9596fecd151c5f638c0ee5d5bd487b6e0ea232e5dc96d5250f6f94b1d"
dependencies = [
 "crc32fast",
 "miniz_oxide",
]

[[package]]
name = "fltk"
version = "1.5.15"
source = "registry+https://github.com/rust-lang/crates.io-index"
checksum = "63dd23a2258d02211ba0d8e683744cae44187fde389e3430ce2a3bc484d64e36"
dependencies = [
 "bitflags 2.9.4",
 "crossbeam-channel",
 "fltk-sys",
 "once_cell",
 "paste",
 "ttf-parser",
]

[[package]]
name = "fltk-sys"
version = "1.5.15"
source = "registry+https://github.com/rust-lang/crates.io-index"
checksum = "4b630a800757b2be016ccdd9e8d80f9c30c97422e21230b18d78b5befecd48fd"
dependencies = [
 "cmake",
 "cmk",
]

[[package]]
name = "fltk-theme"
version = "0.7.9"
source = "registry+https://github.com/rust-lang/crates.io-index"
checksum = "8eac14d47a555db231b4ce9729118a7c57c8a21714af008b8e9ae627998edb7a"
dependencies = [
 "fltk",
]

[[package]]
name = "fnv"
version = "1.0.7"
source = "registry+https://github.com/rust-lang/crates.io-index"
checksum = "3f9eec918d3f24069decb9af1554cad7c880e2da24a9afd88aca000531ab82c1"

[[package]]
name = "foldhash"
version = "0.2.0"
source = "registry+https://github.com/rust-lang/crates.io-index"
checksum = "77ce24cb58228fbb8aa041425bb1050850ac19177686ea6e0f41a70416f56fdb"

[[package]]
name = "form_urlencoded"
version = "1.2.2"
source = "registry+https://github.com/rust-lang/crates.io-index"
checksum = "cb4cb245038516f5f85277875cdaa4f7d2c9a0fa0468de06ed190163b1581fcf"
dependencies = [
 "percent-encoding",
]

[[package]]
name = "getrandom"
version = "0.2.16"
source = "registry+https://github.com/rust-lang/crates.io-index"
checksum = "335ff9f135e4384c8150d6f27c6daed433577f86b4750418338c01a1a2528592"
dependencies = [
 "cfg-if",
 "libc",
 "wasi",
]

[[package]]
name = "hashbrown"
version = "0.16.0"
source = "registry+https://github.com/rust-lang/crates.io-index"
checksum = "5419bdc4f6a9207fbeba6d11b604d481addf78ecd10c11ad51e76c2f6482748d"
dependencies = [
 "allocator-api2",
 "equivalent",
 "foldhash",
]

[[package]]
name = "htmlescape"
version = "0.3.1"
source = "registry+https://github.com/rust-lang/crates.io-index"
checksum = "e9025058dae765dee5070ec375f591e2ba14638c63feff74f13805a72e523163"

[[package]]
name = "http"
version = "1.3.1"
source = "registry+https://github.com/rust-lang/crates.io-index"
checksum = "f4a85d31aea989eead29a3aaf9e1115a180df8282431156e533de47660892565"
dependencies = [
 "bytes",
 "fnv",
 "itoa",
]

[[package]]
name = "httparse"
version = "1.10.1"
source = "registry+https://github.com/rust-lang/crates.io-index"
checksum = "6dbf3de79e51f3d586ab4cb9d5c3e2c14aa28ed23d180cf89b4df0454a69cc87"

[[package]]
name = "httpdate"
version = "1.0.3"
source = "registry+https://github.com/rust-lang/crates.io-index"
checksum = "df3b46402a9d5adb4c86a0cf463f42e19994e3ee891101b1841f30a545cb49a9"

[[package]]
name = "icu_collections"
version = "2.0.0"
source = "registry+https://github.com/rust-lang/crates.io-index"
checksum = "200072f5d0e3614556f94a9930d5dc3e0662a652823904c3a75dc3b0af7fee47"
dependencies = [
 "displaydoc",
 "potential_utf",
 "yoke",
 "zerofrom",
 "zerovec",
]

[[package]]
name = "icu_locale_core"
version = "2.0.0"
source = "registry+https://github.com/rust-lang/crates.io-index"
checksum = "0cde2700ccaed3872079a65fb1a78f6c0a36c91570f28755dda67bc8f7d9f00a"
dependencies = [
 "displaydoc",
 "litemap",
 "tinystr",
 "writeable",
 "zerovec",
]

[[package]]
name = "icu_normalizer"
version = "2.0.0"
source = "registry+https://github.com/rust-lang/crates.io-index"
checksum = "436880e8e18df4d7bbc06d58432329d6458cc84531f7ac5f024e93deadb37979"
dependencies = [
 "displaydoc",
 "icu_collections",
 "icu_normalizer_data",
 "icu_properties",
 "icu_provider",
 "smallvec",
 "zerovec",
]

[[package]]
name = "icu_normalizer_data"
version = "2.0.0"
source = "registry+https://github.com/rust-lang/crates.io-index"
checksum = "00210d6893afc98edb752b664b8890f0ef174c8adbb8d0be9710fa66fbbf72d3"

[[package]]
name = "icu_properties"
version = "2.0.1"
source = "registry+https://github.com/rust-lang/crates.io-index"
checksum = "016c619c1eeb94efb86809b015c58f479963de65bdb6253345c1a1276f22e32b"
dependencies = [
 "displaydoc",
 "icu_collections",
 "icu_locale_core",
 "icu_properties_data",
 "icu_provider",
 "potential_utf",
 "zerotrie",
 "zerovec",
]

[[package]]
name = "icu_properties_data"
version = "2.0.1"
source = "registry+https://github.com/rust-lang/crates.io-index"
checksum = "298459143998310acd25ffe6810ed544932242d3f07083eee1084d83a71bd632"

[[package]]
name = "icu_provider"
version = "2.0.0"
source = "registry+https://github.com/rust-lang/crates.io-index"
checksum = "03c80da27b5f4187909049ee2d72f276f0d9f99a42c306bd0131ecfe04d8e5af"
dependencies = [
 "displaydoc",
 "icu_locale_core",
 "stable_deref_trait",
 "tinystr",
 "writeable",
 "yoke",
 "zerofrom",
 "zerotrie",
 "zerovec",
]

[[package]]
name = "idna"
version = "1.1.0"
source = "registry+https://github.com/rust-lang/crates.io-index"
checksum = "3b0875f23caa03898994f6ddc501886a45c7d3d62d04d2d90788d47be1b1e4de"
dependencies = [
 "idna_adapter",
 "smallvec",
 "utf8_iter",
]

[[package]]
name = "idna_adapter"
version = "1.2.1"
source = "registry+https://github.com/rust-lang/crates.io-index"
checksum = "3acae9609540aa318d1bc588455225fb2085b9ed0c4f6bd0d9d5bcd86f1a0344"
dependencies = [
 "icu_normalizer",
 "icu_properties",
]

[[package]]
name = "if-addrs"
version = "0.14.0"
source = "registry+https://github.com/rust-lang/crates.io-index"
checksum = "bf39cc0423ee66021dc5eccface85580e4a001e0c5288bae8bea7ecb69225e90"
dependencies = [
 "libc",
 "windows-sys 0.59.0",
]

[[package]]
name = "indexmap"
version = "2.11.4"
source = "registry+https://github.com/rust-lang/crates.io-index"
checksum = "4b0f83760fb341a774ed326568e19f5a863af4a952def8c39f9ab92fd95b88e5"
dependencies = [
 "equivalent",
 "hashbrown",
]

[[package]]
name = "itoa"
version = "1.0.15"
source = "registry+https://github.com/rust-lang/crates.io-index"
checksum = "4a5f13b858c8d314ee3e8f639011f7ccefe71f97f96e50151fb991f267928e2c"

[[package]]
name = "jni"
version = "0.21.1"
source = "registry+https://github.com/rust-lang/crates.io-index"
checksum = "1a87aa2bb7d2af34197c04845522473242e1aa17c12f4935d5856491a7fb8c97"
dependencies = [
 "cesu8",
 "cfg-if",
 "combine",
 "jni-sys",
 "log",
 "thiserror 1.0.69",
 "walkdir",
 "windows-sys 0.45.0",
]

[[package]]
name = "jni-sys"
version = "0.3.0"
source = "registry+https://github.com/rust-lang/crates.io-index"
checksum = "8eaf4bc02d17cbdd7ff4c7438cafcdf7fb9a4613313ad11b4f8fefe7d3fa0130"

[[package]]
name = "js-sys"
version = "0.3.81"
source = "registry+https://github.com/rust-lang/crates.io-index"
checksum = "ec48937a97411dcb524a265206ccd4c90bb711fca92b2792c407f268825b9305"
dependencies = [
 "once_cell",
 "wasm-bindgen",
]

[[package]]
name = "lexopt"
version = "0.3.1"
source = "registry+https://github.com/rust-lang/crates.io-index"
checksum = "9fa0e2a1fcbe2f6be6c42e342259976206b383122fc152e872795338b5a3f3a7"

[[package]]
name = "libc"
version = "0.2.176"
source = "registry+https://github.com/rust-lang/crates.io-index"
checksum = "58f929b4d672ea937a23a1ab494143d968337a5f47e56d0815df1e0890ddf174"

[[package]]
name = "libflac-sys"
version = "0.3.3"
source = "registry+https://github.com/rust-lang/crates.io-index"
checksum = "01b01d08e4f670c184ffe3c3e5efbf0bd6e88c8cca796c278c86bbf49583545c"
dependencies = [
 "cmake",
 "libc",
]

[[package]]
name = "libredox"
version = "0.1.10"
source = "registry+https://github.com/rust-lang/crates.io-index"
checksum = "416f7e718bdb06000964960ffa43b4335ad4012ae8b99060261aa4a8088d5ccb"
dependencies = [
 "bitflags 2.9.4",
 "libc",
]

[[package]]
name = "litemap"
version = "0.8.0"
source = "registry+https://github.com/rust-lang/crates.io-index"
checksum = "241eaef5fd12c88705a01fc1066c48c4b36e0dd4377dcdc7ec3942cea7a69956"

[[package]]
name = "local-ip-address"
version = "0.6.5"
source = "registry+https://github.com/rust-lang/crates.io-index"
checksum = "656b3b27f8893f7bbf9485148ff9a65f019e3f33bd5cdc87c83cab16b3fd9ec8"
dependencies = [
 "libc",
 "neli",
 "thiserror 2.0.16",
 "windows-sys 0.59.0",
]

[[package]]
name = "log"
version = "0.4.28"
source = "registry+https://github.com/rust-lang/crates.io-index"
checksum = "34080505efa8e45a4b816c349525ebe327ceaa8559756f0356cba97ef3bf7432"
dependencies = [
 "serde",
]

[[package]]
name = "mach2"
version = "0.4.3"
source = "registry+https://github.com/rust-lang/crates.io-index"
checksum = "d640282b302c0bb0a2a8e0233ead9035e3bed871f0b7e81fe4a1ec829765db44"
dependencies = [
 "libc",
]

[[package]]
name = "memchr"
version = "2.7.6"
source = "registry+https://github.com/rust-lang/crates.io-index"
checksum = "f52b00d39961fc5b2736ea853c9cc86238e165017a493d1d5c8eac6bdc4cc273"

[[package]]
name = "miniz_oxide"
version = "0.8.9"
source = "registry+https://github.com/rust-lang/crates.io-index"
checksum = "1fa76a2c86f704bdb222d66965fb3d63269ce38518b83cb0575fca855ebb6316"
dependencies = [
 "adler2",
]

[[package]]
name = "ndk"
version = "0.9.0"
source = "registry+https://github.com/rust-lang/crates.io-index"
checksum = "c3f42e7bbe13d351b6bead8286a43aac9534b82bd3cc43e47037f012ebfd62d4"
dependencies = [
 "bitflags 2.9.4",
 "jni-sys",
 "log",
 "ndk-sys",
 "num_enum",
 "thiserror 1.0.69",
]

[[package]]
name = "ndk-context"
version = "0.1.1"
source = "registry+https://github.com/rust-lang/crates.io-index"
checksum = "27b02d87554356db9e9a873add8782d4ea6e3e58ea071a9adb9a2e8ddb884a8b"

[[package]]
name = "ndk-sys"
version = "0.6.0+11769913"
source = "registry+https://github.com/rust-lang/crates.io-index"
checksum = "ee6cda3051665f1fb8d9e08fc35c96d5a244fb1be711a03b71118828afc9a873"
dependencies = [
 "jni-sys",
]

[[package]]
name = "neli"
version = "0.6.5"
source = "registry+https://github.com/rust-lang/crates.io-index"
checksum = "93062a0dce6da2517ea35f301dfc88184ce18d3601ec786a727a87bf535deca9"
dependencies = [
 "byteorder",
 "libc",
 "log",
 "neli-proc-macros",
]

[[package]]
name = "neli-proc-macros"
version = "0.1.4"
source = "registry+https://github.com/rust-lang/crates.io-index"
checksum = "0c8034b7fbb6f9455b2a96c19e6edf8dc9fc34c70449938d8ee3b4df363f61fe"
dependencies = [
 "either",
 "proc-macro2",
 "quote",
 "serde",
 "syn 1.0.109",
]

[[package]]
name = "nix"
version = "0.30.1"
source = "registry+https://github.com/rust-lang/crates.io-index"
checksum = "74523f3a35e05aba87a1d978330aef40f67b0304ac79c1c00b294c9830543db6"
dependencies = [
 "bitflags 2.9.4",
 "cfg-if",
 "cfg_aliases",
 "libc",
]

[[package]]
name = "num-conv"
version = "0.1.0"
source = "registry+https://github.com/rust-lang/crates.io-index"
checksum = "51d515d32fb182ee37cda2ccdcb92950d6a3c2893aa280e540671c2cd0f3b1d9"

[[package]]
name = "num-derive"
version = "0.4.2"
source = "registry+https://github.com/rust-lang/crates.io-index"
checksum = "ed3955f1a9c7c0c15e092f9c887db08b1fc683305fdf6eb6684f22555355e202"
dependencies = [
 "proc-macro2",
 "quote",
 "syn 2.0.106",
]

[[package]]
name = "num-traits"
version = "0.2.19"
source = "registry+https://github.com/rust-lang/crates.io-index"
checksum = "071dfc062690e90b734c0b2273ce72ad0ffa95f0c74596bc250dcfd960262841"
dependencies = [
 "autocfg",
]

[[package]]
name = "num_enum"
version = "0.7.4"
source = "registry+https://github.com/rust-lang/crates.io-index"
checksum = "a973b4e44ce6cad84ce69d797acf9a044532e4184c4f267913d1b546a0727b7a"
dependencies = [
 "num_enum_derive",
 "rustversion",
]

[[package]]
name = "num_enum_derive"
version = "0.7.4"
source = "registry+https://github.com/rust-lang/crates.io-index"
checksum = "77e878c846a8abae00dd069496dbe8751b16ac1c3d6bd2a7283a938e8228f90d"
dependencies = [
 "proc-macro-crate",
 "proc-macro2",
 "quote",
 "syn 2.0.106",
]

[[package]]
name = "num_threads"
version = "0.1.7"
source = "registry+https://github.com/rust-lang/crates.io-index"
checksum = "5c7398b9c8b70908f6371f47ed36737907c87c52af34c268fed0bf0ceb92ead9"
dependencies = [
 "libc",
]

[[package]]
name = "objc2"
version = "0.6.2"
source = "registry+https://github.com/rust-lang/crates.io-index"
checksum = "561f357ba7f3a2a61563a186a163d0a3a5247e1089524a3981d49adb775078bc"
dependencies = [
 "objc2-encode",
]

[[package]]
name = "objc2-audio-toolbox"
version = "0.3.1"
source = "registry+https://github.com/rust-lang/crates.io-index"
checksum = "10cbe18d879e20a4aea544f8befe38bcf52255eb63d3f23eca2842f3319e4c07"
dependencies = [
 "bitflags 2.9.4",
 "libc",
 "objc2",
 "objc2-core-audio",
 "objc2-core-audio-types",
 "objc2-core-foundation",
 "objc2-foundation",
]

[[package]]
name = "objc2-core-audio"
version = "0.3.1"
source = "registry+https://github.com/rust-lang/crates.io-index"
checksum = "ca44961e888e19313b808f23497073e3f6b3c22bb485056674c8b49f3b025c82"
dependencies = [
 "dispatch2",
 "objc2",
 "objc2-core-audio-types",
 "objc2-core-foundation",
]

[[package]]
name = "objc2-core-audio-types"
version = "0.3.1"
source = "registry+https://github.com/rust-lang/crates.io-index"
checksum = "c0f1cc99bb07ad2ddb6527ddf83db6a15271bb036b3eb94b801cd44fdc666ee1"
dependencies = [
 "bitflags 2.9.4",
 "objc2",
]

[[package]]
name = "objc2-core-foundation"
version = "0.3.1"
source = "registry+https://github.com/rust-lang/crates.io-index"
checksum = "1c10c2894a6fed806ade6027bcd50662746363a9589d3ec9d9bef30a4e4bc166"
dependencies = [
 "bitflags 2.9.4",
 "dispatch2",
 "objc2",
]

[[package]]
name = "objc2-encode"
version = "4.1.0"
source = "registry+https://github.com/rust-lang/crates.io-index"
checksum = "ef25abbcd74fb2609453eb695bd2f860d389e457f67dc17cafc8b8cbc89d0c33"

[[package]]
name = "objc2-foundation"
version = "0.3.1"
source = "registry+https://github.com/rust-lang/crates.io-index"
checksum = "900831247d2fe1a09a683278e5384cfb8c80c79fe6b166f9d14bfdde0ea1b03c"
dependencies = [
 "objc2",
]

[[package]]
name = "once_cell"
version = "1.21.3"
source = "registry+https://github.com/rust-lang/crates.io-index"
checksum = "42f5e15c9953c5e4ccceeb2e7382a716482c34515315f7b03532b8b4e8393d2d"

[[package]]
name = "option-ext"
version = "0.2.0"
source = "registry+https://github.com/rust-lang/crates.io-index"
checksum = "04744f49eae99ab78e0d5c0b603ab218f515ea8cfe5a456d7629ad883a3b6e7d"

[[package]]
name = "paste"
version = "1.0.15"
source = "registry+https://github.com/rust-lang/crates.io-index"
checksum = "57c0d7b74b563b49d38dae00a0c37d4d6de9b432382b2892f0574ddcae73fd0a"

[[package]]
name = "percent-encoding"
version = "2.3.2"
source = "registry+https://github.com/rust-lang/crates.io-index"
checksum = "9b4f627cb1b25917193a259e49bdad08f671f8d9708acfd5fe0a8c1455d87220"

[[package]]
name = "pkg-config"
version = "0.3.32"
source = "registry+https://github.com/rust-lang/crates.io-index"
checksum = "7edddbd0b52d732b21ad9a5fab5c704c14cd949e5e9a1ec5929a24fded1b904c"

[[package]]
name = "potential_utf"
version = "0.1.3"
source = "registry+https://github.com/rust-lang/crates.io-index"
checksum = "84df19adbe5b5a0782edcab45899906947ab039ccf4573713735ee7de1e6b08a"
dependencies = [
 "zerovec",
]

[[package]]
name = "powerfmt"
version = "0.2.0"
source = "registry+https://github.com/rust-lang/crates.io-index"
checksum = "439ee305def115ba05938db6eb1644ff94165c5ab5e9420d1c1bcedbba909391"

[[package]]
name = "proc-macro-crate"
version = "3.4.0"
source = "registry+https://github.com/rust-lang/crates.io-index"
checksum = "219cb19e96be00ab2e37d6e299658a0cfa83e52429179969b0f0121b4ac46983"
dependencies = [
 "toml_edit",
]

[[package]]
name = "proc-macro2"
version = "1.0.101"
source = "registry+https://github.com/rust-lang/crates.io-index"
checksum = "89ae43fd86e4158d6db51ad8e2b80f313af9cc74f5c0e03ccb87de09998732de"
dependencies = [
 "unicode-ident",
]

[[package]]
name = "quote"
version = "1.0.40"
source = "registry+https://github.com/rust-lang/crates.io-index"
checksum = "1885c039570dc00dcb4ff087a89e185fd56bae234ddc7f056a945bf36467248d"
dependencies = [
 "proc-macro2",
]

[[package]]
name = "redox_users"
version = "0.5.2"
source = "registry+https://github.com/rust-lang/crates.io-index"
checksum = "a4e608c6638b9c18977b00b475ac1f28d14e84b27d8d42f70e0bf1e3dec127ac"
dependencies = [
 "getrandom",
 "libredox",
 "thiserror 2.0.16",
]

[[package]]
name = "rustversion"
version = "1.0.22"
source = "registry+https://github.com/rust-lang/crates.io-index"
checksum = "b39cdef0fa800fc44525c84ccb54a029961a8215f9619753635a9c0d2538d46d"

[[package]]
name = "same-file"
version = "1.0.6"
source = "registry+https://github.com/rust-lang/crates.io-index"
checksum = "93fc1dc3aaa9bfed95e02e6eadabb4baf7e3078b0bd1b4d7b6b0b68378900502"
dependencies = [
 "winapi-util",
]

[[package]]
name = "serde"
version = "1.0.228"
source = "registry+https://github.com/rust-lang/crates.io-index"
checksum = "9a8e94ea7f378bd32cbbd37198a4a91436180c5bb472411e48b5ec2e2124ae9e"
dependencies = [
 "serde_core",
 "serde_derive",
]

[[package]]
name = "serde_core"
version = "1.0.228"
source = "registry+https://github.com/rust-lang/crates.io-index"
checksum = "41d385c7d4ca58e59fc732af25c3983b67ac852c1a25000afe1175de458b67ad"
dependencies = [
 "serde_derive",
]

[[package]]
name = "serde_derive"
version = "1.0.228"
source = "registry+https://github.com/rust-lang/crates.io-index"
checksum = "d540f220d3187173da220f885ab66608367b6574e925011a9353e4badda91d79"
dependencies = [
 "proc-macro2",
 "quote",
 "syn 2.0.106",
]

[[package]]
name = "serde_spanned"
version = "1.0.2"
source = "registry+https://github.com/rust-lang/crates.io-index"
checksum = "5417783452c2be558477e104686f7de5dae53dba813c28435e0e70f82d9b04ee"
dependencies = [
 "serde_core",
]

[[package]]
name = "shlex"
version = "1.3.0"
source = "registry+https://github.com/rust-lang/crates.io-index"
checksum = "0fda2ff0d084019ba4d7c6f371c95d8fd75ce3524c3cb8fb653a3023f6323e64"

[[package]]
name = "simplelog"
version = "0.12.2"
source = "registry+https://github.com/rust-lang/crates.io-index"
checksum = "16257adbfaef1ee58b1363bdc0664c9b8e1e30aed86049635fb5f147d065a9c0"
dependencies = [
 "log",
 "termcolor",
 "time",
]

[[package]]
name = "smacro"
version = "0.1.0"
source = "registry+https://github.com/rust-lang/crates.io-index"
checksum = "00f63f580dfd8e0495907740ed13ddcf1e73221f474f4db2b28da019e3de1472"

[[package]]
name = "smallvec"
version = "1.15.1"
source = "registry+https://github.com/rust-lang/crates.io-index"
checksum = "67b1b7a3b5fe4f1376887184045fcf45c69e92af734b7aaddc05fb777b6fbd03"

[[package]]
name = "stable_deref_trait"
version = "1.2.0"
source = "registry+https://github.com/rust-lang/crates.io-index"
checksum = "a8f112729512f8e442d81f95a8a7ddf2b7c6b8a1a6f509a95864142b30cab2d3"

[[package]]
name = "swyh-rs"
version = "1.12.15"
dependencies = [
 "bitflags 2.9.4",
 "cpal",
 "crossbeam-channel",
 "ctrlc",
 "dasp_sample",
 "dirs",
 "ecow",
 "fastrand",
 "figura",
 "flac-bound",
 "fltk",
 "fltk-theme",
 "hashbrown",
 "htmlescape",
 "if-addrs",
 "lexopt",
 "libc",
 "local-ip-address",
 "log",
 "serde",
 "simplelog",
 "tiny_http",
 "toml 0.9.7",
 "ureq",
 "url",
 "windows 0.62.1",
 "winres",
 "xml-rs",
]

[[package]]
name = "syn"
version = "1.0.109"
source = "registry+https://github.com/rust-lang/crates.io-index"
checksum = "72b64191b275b66ffe2469e8af2c1cfe3bafa67b529ead792a6d0160888b4237"
dependencies = [
 "proc-macro2",
 "quote",
 "unicode-ident",
]

[[package]]
name = "syn"
version = "2.0.106"
source = "registry+https://github.com/rust-lang/crates.io-index"
checksum = "ede7c438028d4436d71104916910f5bb611972c5cfd7f89b8300a8186e6fada6"
dependencies = [
 "proc-macro2",
 "quote",
 "unicode-ident",
]

[[package]]
name = "synstructure"
version = "0.13.2"
source = "registry+https://github.com/rust-lang/crates.io-index"
checksum = "728a70f3dbaf5bab7f0c4b1ac8d7ae5ea60a4b5549c8a5914361c99147a709d2"
dependencies = [
 "proc-macro2",
 "quote",
 "syn 2.0.106",
]

[[package]]
name = "termcolor"
version = "1.4.1"
source = "registry+https://github.com/rust-lang/crates.io-index"
checksum = "06794f8f6c5c898b3275aebefa6b8a1cb24cd2c6c79397ab15774837a0bc5755"
dependencies = [
 "winapi-util",
]

[[package]]
name = "thiserror"
version = "1.0.69"
source = "registry+https://github.com/rust-lang/crates.io-index"
checksum = "b6aaf5339b578ea85b50e080feb250a3e8ae8cfcdff9a461c9ec2904bc923f52"
dependencies = [
 "thiserror-impl 1.0.69",
]

[[package]]
name = "thiserror"
version = "2.0.16"
source = "registry+https://github.com/rust-lang/crates.io-index"
checksum = "3467d614147380f2e4e374161426ff399c91084acd2363eaf549172b3d5e60c0"
dependencies = [
 "thiserror-impl 2.0.16",
]

[[package]]
name = "thiserror-impl"
version = "1.0.69"
source = "registry+https://github.com/rust-lang/crates.io-index"
checksum = "4fee6c4efc90059e10f81e6d42c60a18f76588c3d74cb83a0b242a2b6c7504c1"
dependencies = [
 "proc-macro2",
 "quote",
 "syn 2.0.106",
]

[[package]]
name = "thiserror-impl"
version = "2.0.16"
source = "registry+https://github.com/rust-lang/crates.io-index"
checksum = "6c5e1be1c48b9172ee610da68fd9cd2770e7a4056cb3fc98710ee6906f0c7960"
dependencies = [
 "proc-macro2",
 "quote",
 "syn 2.0.106",
]

[[package]]
name = "time"
version = "0.3.44"
source = "registry+https://github.com/rust-lang/crates.io-index"
checksum = "91e7d9e3bb61134e77bde20dd4825b97c010155709965fedf0f49bb138e52a9d"
dependencies = [
 "deranged",
 "itoa",
 "libc",
 "num-conv",
 "num_threads",
 "powerfmt",
 "serde",
 "time-core",
 "time-macros",
]

[[package]]
name = "time-core"
version = "0.1.6"
source = "registry+https://github.com/rust-lang/crates.io-index"
checksum = "40868e7c1d2f0b8d73e4a8c7f0ff63af4f6d19be117e90bd73eb1d62cf831c6b"

[[package]]
name = "time-macros"
version = "0.2.24"
source = "registry+https://github.com/rust-lang/crates.io-index"
checksum = "30cfb0125f12d9c277f35663a0a33f8c30190f4e4574868a330595412d34ebf3"
dependencies = [
 "num-conv",
 "time-core",
]

[[package]]
name = "tiny_http"
version = "0.12.0"
source = "registry+https://github.com/rust-lang/crates.io-index"
checksum = "389915df6413a2e74fb181895f933386023c71110878cd0825588928e64cdc82"
dependencies = [
 "ascii",
 "chunked_transfer",
 "httpdate",
 "log",
]

[[package]]
name = "tinystr"
version = "0.8.1"
source = "registry+https://github.com/rust-lang/crates.io-index"
checksum = "5d4f6d1145dcb577acf783d4e601bc1d76a13337bb54e6233add580b07344c8b"
dependencies = [
 "displaydoc",
 "zerovec",
]

[[package]]
name = "toml"
version = "0.5.11"
source = "registry+https://github.com/rust-lang/crates.io-index"
checksum = "f4f7f0dd8d50a853a531c426359045b1998f04219d88799810762cd4ad314234"
dependencies = [
 "serde",
]

[[package]]
name = "toml"
version = "0.9.7"
source = "registry+https://github.com/rust-lang/crates.io-index"
checksum = "00e5e5d9bf2475ac9d4f0d9edab68cc573dc2fd644b0dba36b0c30a92dd9eaa0"
dependencies = [
 "indexmap",
 "serde_core",
 "serde_spanned",
 "toml_datetime",
 "toml_parser",
 "toml_writer",
 "winnow",
]

[[package]]
name = "toml_datetime"
version = "0.7.2"
source = "registry+https://github.com/rust-lang/crates.io-index"
checksum = "32f1085dec27c2b6632b04c80b3bb1b4300d6495d1e129693bdda7d91e72eec1"
dependencies = [
 "serde_core",
]

[[package]]
name = "toml_edit"
version = "0.23.6"
source = "registry+https://github.com/rust-lang/crates.io-index"
checksum = "f3effe7c0e86fdff4f69cdd2ccc1b96f933e24811c5441d44904e8683e27184b"
dependencies = [
 "indexmap",
 "toml_datetime",
 "toml_parser",
 "winnow",
]

[[package]]
name = "toml_parser"
version = "1.0.3"
source = "registry+https://github.com/rust-lang/crates.io-index"
checksum = "4cf893c33be71572e0e9aa6dd15e6677937abd686b066eac3f8cd3531688a627"
dependencies = [
 "winnow",
]

[[package]]
name = "toml_writer"
version = "1.0.3"
source = "registry+https://github.com/rust-lang/crates.io-index"
checksum = "d163a63c116ce562a22cda521fcc4d79152e7aba014456fb5eb442f6d6a10109"

[[package]]
name = "ttf-parser"
version = "0.25.1"
source = "registry+https://github.com/rust-lang/crates.io-index"
checksum = "d2df906b07856748fa3f6e0ad0cbaa047052d4a7dd609e231c4f72cee8c36f31"

[[package]]
name = "unicode-ident"
version = "1.0.19"
source = "registry+https://github.com/rust-lang/crates.io-index"
checksum = "f63a545481291138910575129486daeaf8ac54aee4387fe7906919f7830c7d9d"

[[package]]
name = "ureq"
version = "3.1.2"
source = "registry+https://github.com/rust-lang/crates.io-index"
checksum = "99ba1025f18a4a3fc3e9b48c868e9beb4f24f4b4b1a325bada26bd4119f46537"
dependencies = [
 "base64",
 "encoding_rs",
 "flate2",
 "log",
 "percent-encoding",
 "ureq-proto",
 "utf-8",
]

[[package]]
name = "ureq-proto"
version = "0.5.2"
source = "registry+https://github.com/rust-lang/crates.io-index"
checksum = "60b4531c118335662134346048ddb0e54cc86bd7e81866757873055f0e38f5d2"
dependencies = [
 "base64",
 "http",
 "httparse",
 "log",
]

[[package]]
name = "url"
version = "2.5.7"
source = "registry+https://github.com/rust-lang/crates.io-index"
checksum = "08bc136a29a3d1758e07a9cca267be308aeebf5cfd5a10f3f67ab2097683ef5b"
dependencies = [
 "form_urlencoded",
 "idna",
 "percent-encoding",
 "serde",
]

[[package]]
name = "utf-8"
version = "0.7.6"
source = "registry+https://github.com/rust-lang/crates.io-index"
checksum = "09cc8ee72d2a9becf2f2febe0205bbed8fc6615b7cb429ad062dc7b7ddd036a9"

[[package]]
name = "utf8_iter"
version = "1.0.4"
source = "registry+https://github.com/rust-lang/crates.io-index"
checksum = "b6c140620e7ffbb22c2dee59cafe6084a59b5ffc27a8859a5f0d494b5d52b6be"

[[package]]
name = "walkdir"
version = "2.5.0"
source = "registry+https://github.com/rust-lang/crates.io-index"
checksum = "29790946404f91d9c5d06f9874efddea1dc06c5efe94541a7d6863108e3a5e4b"
dependencies = [
 "same-file",
 "winapi-util",
]

[[package]]
name = "wasi"
version = "0.11.1+wasi-snapshot-preview1"
source = "registry+https://github.com/rust-lang/crates.io-index"
checksum = "ccf3ec651a847eb01de73ccad15eb7d99f80485de043efb2f370cd654f4ea44b"

[[package]]
name = "wasm-bindgen"
version = "0.2.104"
source = "registry+https://github.com/rust-lang/crates.io-index"
checksum = "c1da10c01ae9f1ae40cbfac0bac3b1e724b320abfcf52229f80b547c0d250e2d"
dependencies = [
 "cfg-if",
 "once_cell",
 "rustversion",
 "wasm-bindgen-macro",
 "wasm-bindgen-shared",
]

[[package]]
name = "wasm-bindgen-backend"
version = "0.2.104"
source = "registry+https://github.com/rust-lang/crates.io-index"
checksum = "671c9a5a66f49d8a47345ab942e2cb93c7d1d0339065d4f8139c486121b43b19"
dependencies = [
 "bumpalo",
 "log",
 "proc-macro2",
 "quote",
 "syn 2.0.106",
 "wasm-bindgen-shared",
]

[[package]]
name = "wasm-bindgen-futures"
version = "0.4.54"
source = "registry+https://github.com/rust-lang/crates.io-index"
checksum = "7e038d41e478cc73bae0ff9b36c60cff1c98b8f38f8d7e8061e79ee63608ac5c"
dependencies = [
 "cfg-if",
 "js-sys",
 "once_cell",
 "wasm-bindgen",
 "web-sys",
]

[[package]]
name = "wasm-bindgen-macro"
version = "0.2.104"
source = "registry+https://github.com/rust-lang/crates.io-index"
checksum = "7ca60477e4c59f5f2986c50191cd972e3a50d8a95603bc9434501cf156a9a119"
dependencies = [
 "quote",
 "wasm-bindgen-macro-support",
]

[[package]]
name = "wasm-bindgen-macro-support"
version = "0.2.104"
source = "registry+https://github.com/rust-lang/crates.io-index"
checksum = "9f07d2f20d4da7b26400c9f4a0511e6e0345b040694e8a75bd41d578fa4421d7"
dependencies = [
 "proc-macro2",
 "quote",
 "syn 2.0.106",
 "wasm-bindgen-backend",
 "wasm-bindgen-shared",
]

[[package]]
name = "wasm-bindgen-shared"
version = "0.2.104"
source = "registry+https://github.com/rust-lang/crates.io-index"
checksum = "bad67dc8b2a1a6e5448428adec4c3e84c43e561d8c9ee8a9e5aabeb193ec41d1"
dependencies = [
 "unicode-ident",
]

[[package]]
name = "web-sys"
version = "0.3.81"
source = "registry+https://github.com/rust-lang/crates.io-index"
checksum = "9367c417a924a74cae129e6a2ae3b47fabb1f8995595ab474029da749a8be120"
dependencies = [
 "js-sys",
 "wasm-bindgen",
]

[[package]]
name = "winapi-util"
version = "0.1.11"
source = "registry+https://github.com/rust-lang/crates.io-index"
checksum = "c2a7b1c03c876122aa43f3020e6c3c3ee5c05081c9a00739faf7503aeba10d22"
dependencies = [
 "windows-sys 0.61.1",
]

[[package]]
name = "windows"
version = "0.54.0"
source = "registry+https://github.com/rust-lang/crates.io-index"
checksum = "9252e5725dbed82865af151df558e754e4a3c2c30818359eb17465f1346a1b49"
dependencies = [
 "windows-core 0.54.0",
 "windows-targets 0.52.6",
]

[[package]]
name = "windows"
version = "0.62.1"
source = "registry+https://github.com/rust-lang/crates.io-index"
checksum = "49e6c4a1f363c8210c6f77ba24f645c61c6fb941eccf013da691f7e09515b8ac"
dependencies = [
 "windows-collections",
 "windows-core 0.62.1",
 "windows-future",
 "windows-numerics",
]

[[package]]
name = "windows-collections"
version = "0.3.1"
source = "registry+https://github.com/rust-lang/crates.io-index"
checksum = "123e712f464a8a60ce1a13f4c446d2d43ab06464cb5842ff68f5c71b6fb7852e"
dependencies = [
 "windows-core 0.62.1",
]

[[package]]
name = "windows-core"
version = "0.54.0"
source = "registry+https://github.com/rust-lang/crates.io-index"
checksum = "12661b9c89351d684a50a8a643ce5f608e20243b9fb84687800163429f161d65"
dependencies = [
 "windows-result 0.1.2",
 "windows-targets 0.52.6",
]

[[package]]
name = "windows-core"
version = "0.62.1"
source = "registry+https://github.com/rust-lang/crates.io-index"
checksum = "6844ee5416b285084d3d3fffd743b925a6c9385455f64f6d4fa3031c4c2749a9"
dependencies = [
 "windows-implement",
 "windows-interface",
 "windows-link",
 "windows-result 0.4.0",
 "windows-strings",
]

[[package]]
name = "windows-future"
version = "0.3.1"
source = "registry+https://github.com/rust-lang/crates.io-index"
checksum = "68f3db6b24b120200d649cd4811b4947188ed3a8d2626f7075146c5d178a9a4a"
dependencies = [
 "windows-core 0.62.1",
 "windows-link",
 "windows-threading",
]

[[package]]
name = "windows-implement"
version = "0.60.1"
source = "registry+https://github.com/rust-lang/crates.io-index"
checksum = "edb307e42a74fb6de9bf3a02d9712678b22399c87e6fa869d6dfcd8c1b7754e0"
dependencies = [
 "proc-macro2",
 "quote",
 "syn 2.0.106",
]

[[package]]
name = "windows-interface"
version = "0.59.2"
source = "registry+https://github.com/rust-lang/crates.io-index"
checksum = "c0abd1ddbc6964ac14db11c7213d6532ef34bd9aa042c2e5935f59d7908b46a5"
dependencies = [
 "proc-macro2",
 "quote",
 "syn 2.0.106",
]

[[package]]
name = "windows-link"
version = "0.2.0"
source = "registry+https://github.com/rust-lang/crates.io-index"
checksum = "45e46c0661abb7180e7b9c281db115305d49ca1709ab8242adf09666d2173c65"

[[package]]
name = "windows-numerics"
version = "0.3.0"
source = "registry+https://github.com/rust-lang/crates.io-index"
checksum = "2ce3498fe0aba81e62e477408383196b4b0363db5e0c27646f932676283b43d8"
dependencies = [
 "windows-core 0.62.1",
 "windows-link",
]

[[package]]
name = "windows-result"
version = "0.1.2"
source = "registry+https://github.com/rust-lang/crates.io-index"
checksum = "5e383302e8ec8515204254685643de10811af0ed97ea37210dc26fb0032647f8"
dependencies = [
 "windows-targets 0.52.6",
]

[[package]]
name = "windows-result"
version = "0.4.0"
source = "registry+https://github.com/rust-lang/crates.io-index"
checksum = "7084dcc306f89883455a206237404d3eaf961e5bd7e0f312f7c91f57eb44167f"
dependencies = [
 "windows-link",
]

[[package]]
name = "windows-strings"
version = "0.5.0"
source = "registry+https://github.com/rust-lang/crates.io-index"
checksum = "7218c655a553b0bed4426cf54b20d7ba363ef543b52d515b3e48d7fd55318dda"
dependencies = [
 "windows-link",
]

[[package]]
name = "windows-sys"
version = "0.45.0"
source = "registry+https://github.com/rust-lang/crates.io-index"
checksum = "75283be5efb2831d37ea142365f009c02ec203cd29a3ebecbc093d52315b66d0"
dependencies = [
 "windows-targets 0.42.2",
]

[[package]]
name = "windows-sys"
version = "0.59.0"
source = "registry+https://github.com/rust-lang/crates.io-index"
checksum = "1e38bc4d79ed67fd075bcc251a1c39b32a1776bbe92e5bef1f0bf1f8c531853b"
dependencies = [
 "windows-targets 0.52.6",
]

[[package]]
name = "windows-sys"
version = "0.61.1"
source = "registry+https://github.com/rust-lang/crates.io-index"
checksum = "6f109e41dd4a3c848907eb83d5a42ea98b3769495597450cf6d153507b166f0f"
dependencies = [
 "windows-link",
]

[[package]]
name = "windows-targets"
version = "0.42.2"
source = "registry+https://github.com/rust-lang/crates.io-index"
checksum = "8e5180c00cd44c9b1c88adb3693291f1cd93605ded80c250a75d472756b4d071"
dependencies = [
 "windows_aarch64_gnullvm 0.42.2",
 "windows_aarch64_msvc 0.42.2",
 "windows_i686_gnu 0.42.2",
 "windows_i686_msvc 0.42.2",
 "windows_x86_64_gnu 0.42.2",
 "windows_x86_64_gnullvm 0.42.2",
 "windows_x86_64_msvc 0.42.2",
]

[[package]]
name = "windows-targets"
version = "0.52.6"
source = "registry+https://github.com/rust-lang/crates.io-index"
checksum = "9b724f72796e036ab90c1021d4780d4d3d648aca59e491e6b98e725b84e99973"
dependencies = [
 "windows_aarch64_gnullvm 0.52.6",
 "windows_aarch64_msvc 0.52.6",
 "windows_i686_gnu 0.52.6",
 "windows_i686_gnullvm",
 "windows_i686_msvc 0.52.6",
 "windows_x86_64_gnu 0.52.6",
 "windows_x86_64_gnullvm 0.52.6",
 "windows_x86_64_msvc 0.52.6",
]

[[package]]
name = "windows-threading"
version = "0.2.0"
source = "registry+https://github.com/rust-lang/crates.io-index"
checksum = "ab47f085ad6932defa48855254c758cdd0e2f2d48e62a34118a268d8f345e118"
dependencies = [
 "windows-link",
]

[[package]]
name = "windows_aarch64_gnullvm"
version = "0.42.2"
source = "registry+https://github.com/rust-lang/crates.io-index"
checksum = "597a5118570b68bc08d8d59125332c54f1ba9d9adeedeef5b99b02ba2b0698f8"

[[package]]
name = "windows_aarch64_gnullvm"
version = "0.52.6"
source = "registry+https://github.com/rust-lang/crates.io-index"
checksum = "32a4622180e7a0ec044bb555404c800bc9fd9ec262ec147edd5989ccd0c02cd3"

[[package]]
name = "windows_aarch64_msvc"
version = "0.42.2"
source = "registry+https://github.com/rust-lang/crates.io-index"
checksum = "e08e8864a60f06ef0d0ff4ba04124db8b0fb3be5776a5cd47641e942e58c4d43"

[[package]]
name = "windows_aarch64_msvc"
version = "0.52.6"
source = "registry+https://github.com/rust-lang/crates.io-index"
checksum = "09ec2a7bb152e2252b53fa7803150007879548bc709c039df7627cabbd05d469"

[[package]]
name = "windows_i686_gnu"
version = "0.42.2"
source = "registry+https://github.com/rust-lang/crates.io-index"
checksum = "c61d927d8da41da96a81f029489353e68739737d3beca43145c8afec9a31a84f"

[[package]]
name = "windows_i686_gnu"
version = "0.52.6"
source = "registry+https://github.com/rust-lang/crates.io-index"
checksum = "8e9b5ad5ab802e97eb8e295ac6720e509ee4c243f69d781394014ebfe8bbfa0b"

[[package]]
name = "windows_i686_gnullvm"
version = "0.52.6"
source = "registry+https://github.com/rust-lang/crates.io-index"
checksum = "0eee52d38c090b3caa76c563b86c3a4bd71ef1a819287c19d586d7334ae8ed66"

[[package]]
name = "windows_i686_msvc"
version = "0.42.2"
source = "registry+https://github.com/rust-lang/crates.io-index"
checksum = "44d840b6ec649f480a41c8d80f9c65108b92d89345dd94027bfe06ac444d1060"

[[package]]
name = "windows_i686_msvc"
version = "0.52.6"
source = "registry+https://github.com/rust-lang/crates.io-index"
checksum = "240948bc05c5e7c6dabba28bf89d89ffce3e303022809e73deaefe4f6ec56c66"

[[package]]
name = "windows_x86_64_gnu"
version = "0.42.2"
source = "registry+https://github.com/rust-lang/crates.io-index"
checksum = "8de912b8b8feb55c064867cf047dda097f92d51efad5b491dfb98f6bbb70cb36"

[[package]]
name = "windows_x86_64_gnu"
version = "0.52.6"
source = "registry+https://github.com/rust-lang/crates.io-index"
checksum = "147a5c80aabfbf0c7d901cb5895d1de30ef2907eb21fbbab29ca94c5b08b1a78"

[[package]]
name = "windows_x86_64_gnullvm"
version = "0.42.2"
source = "registry+https://github.com/rust-lang/crates.io-index"
checksum = "26d41b46a36d453748aedef1486d5c7a85db22e56aff34643984ea85514e94a3"

[[package]]
name = "windows_x86_64_gnullvm"
version = "0.52.6"
source = "registry+https://github.com/rust-lang/crates.io-index"
checksum = "24d5b23dc417412679681396f2b49f3de8c1473deb516bd34410872eff51ed0d"

[[package]]
name = "windows_x86_64_msvc"
version = "0.42.2"
source = "registry+https://github.com/rust-lang/crates.io-index"
checksum = "9aec5da331524158c6d1a4ac0ab1541149c0b9505fde06423b02f5ef0106b9f0"

[[package]]
name = "windows_x86_64_msvc"
version = "0.52.6"
source = "registry+https://github.com/rust-lang/crates.io-index"
checksum = "589f6da84c646204747d1270a2a5661ea66ed1cced2631d546fdfb155959f9ec"

[[package]]
name = "winnow"
version = "0.7.13"
source = "registry+https://github.com/rust-lang/crates.io-index"
checksum = "21a0236b59786fed61e2a80582dd500fe61f18b5dca67a4a067d0bc9039339cf"
dependencies = [
 "memchr",
]

[[package]]
name = "winres"
version = "0.1.12"
source = "registry+https://github.com/rust-lang/crates.io-index"
checksum = "b68db261ef59e9e52806f688020631e987592bd83619edccda9c47d42cde4f6c"
dependencies = [
 "toml 0.5.11",
]

[[package]]
name = "writeable"
version = "0.6.1"
source = "registry+https://github.com/rust-lang/crates.io-index"
checksum = "ea2f10b9bb0928dfb1b42b65e1f9e36f7f54dbdf08457afefb38afcdec4fa2bb"

[[package]]
name = "xml"
version = "1.0.0"
source = "registry+https://github.com/rust-lang/crates.io-index"
checksum = "72e6e0a83ae73d886ab66fc2f82b598fbbb8f373357d5f2f9f783e50e4d06435"

[[package]]
name = "xml-rs"
version = "1.0.0"
source = "registry+https://github.com/rust-lang/crates.io-index"
checksum = "c3a56132a0d6ecbe77352edc10232f788fc4ceefefff4cab784a98e0e16b6b51"
dependencies = [
 "xml",
]

[[package]]
name = "yoke"
version = "0.8.0"
source = "registry+https://github.com/rust-lang/crates.io-index"
checksum = "5f41bb01b8226ef4bfd589436a297c53d118f65921786300e427be8d487695cc"
dependencies = [
 "serde",
 "stable_deref_trait",
 "yoke-derive",
 "zerofrom",
]

[[package]]
name = "yoke-derive"
version = "0.8.0"
source = "registry+https://github.com/rust-lang/crates.io-index"
checksum = "38da3c9736e16c5d3c8c597a9aaa5d1fa565d0532ae05e27c24aa62fb32c0ab6"
dependencies = [
 "proc-macro2",
 "quote",
 "syn 2.0.106",
 "synstructure",
]

[[package]]
name = "zerofrom"
version = "0.1.6"
source = "registry+https://github.com/rust-lang/crates.io-index"
checksum = "50cc42e0333e05660c3587f3bf9d0478688e15d870fab3346451ce7f8c9fbea5"
dependencies = [
 "zerofrom-derive",
]

[[package]]
name = "zerofrom-derive"
version = "0.1.6"
source = "registry+https://github.com/rust-lang/crates.io-index"
checksum = "d71e5d6e06ab090c67b5e44993ec16b72dcbaabc526db883a360057678b48502"
dependencies = [
 "proc-macro2",
 "quote",
 "syn 2.0.106",
 "synstructure",
]

[[package]]
name = "zerotrie"
version = "0.2.2"
source = "registry+https://github.com/rust-lang/crates.io-index"
checksum = "36f0bbd478583f79edad978b407914f61b2972f5af6fa089686016be8f9af595"
dependencies = [
 "displaydoc",
 "yoke",
 "zerofrom",
]

[[package]]
name = "zerovec"
version = "0.11.4"
source = "registry+https://github.com/rust-lang/crates.io-index"
checksum = "e7aa2bd55086f1ab526693ecbe444205da57e25f4489879da80635a46d90e73b"
dependencies = [
 "yoke",
 "zerofrom",
 "zerovec-derive",
]

[[package]]
name = "zerovec-derive"
version = "0.11.1"
source = "registry+https://github.com/rust-lang/crates.io-index"
checksum = "5b96237efa0c878c64bd89c436f661be4e46b2f3eff1ebb976f7ef2321d2f58f"
dependencies = [
 "proc-macro2",
 "quote",
 "syn 2.0.106",
]
